{
  "name": "aadappsolution",
  "version": "0.1.0",
  "lockfileVersion": 1,
  "requires": true,
  "dependencies": {
    "@azure/abort-controller": {
      "version": "1.1.0",
      "resolved": "https://registry.npmjs.org/@azure/abort-controller/-/abort-controller-1.1.0.tgz",
      "integrity": "sha512-TrRLIoSQVzfAJX9H1JeFjzAoDGcoK1IYX1UImfceTZpsyYfWr09Ss1aHW1y5TrrR3iq6RZLBwJ3E24uwPhwahw==",
      "requires": {
        "tslib": "^2.2.0"
      }
    },
    "@azure/core-auth": {
      "version": "1.4.0",
      "resolved": "https://registry.npmjs.org/@azure/core-auth/-/core-auth-1.4.0.tgz",
      "integrity": "sha512-HFrcTgmuSuukRf/EdPmqBrc5l6Q5Uu+2TbuhaKbgaCpP2TfAeiNaQPAadxO+CYBRHGUzIDteMAjFspFLDLnKVQ==",
      "requires": {
        "@azure/abort-controller": "^1.0.0",
        "tslib": "^2.2.0"
      }
    },
    "@azure/core-client": {
      "version": "1.7.2",
      "resolved": "https://registry.npmjs.org/@azure/core-client/-/core-client-1.7.2.tgz",
      "integrity": "sha512-ye5554gnVnXdfZ64hptUtETgacXoRWxYv1JF5MctoAzTSH5dXhDPZd9gOjDPyWMcLIk58pnP5+p5vGX6PYn1ag==",
      "requires": {
        "@azure/abort-controller": "^1.0.0",
        "@azure/core-auth": "^1.4.0",
        "@azure/core-rest-pipeline": "^1.9.1",
        "@azure/core-tracing": "^1.0.0",
        "@azure/core-util": "^1.0.0",
        "@azure/logger": "^1.0.0",
        "tslib": "^2.2.0"
      },
      "dependencies": {
        "@azure/core-tracing": {
          "version": "1.0.1",
          "resolved": "https://registry.npmjs.org/@azure/core-tracing/-/core-tracing-1.0.1.tgz",
          "integrity": "sha512-I5CGMoLtX+pI17ZdiFJZgxMJApsK6jjfm85hpgp3oazCdq5Wxgh4wMr7ge/TTWW1B5WBuvIOI1fMU/FrOAMKrw==",
          "requires": {
            "tslib": "^2.2.0"
          }
        }
      }
    },
    "@azure/core-http": {
      "version": "3.0.1",
      "resolved": "https://registry.npmjs.org/@azure/core-http/-/core-http-3.0.1.tgz",
      "integrity": "sha512-A3x+um3cAPgQe42Lu7Iv/x8/fNjhL/nIoEfqFxfn30EyxK6zC13n+OUxzZBRC0IzQqssqIbt4INf5YG7lYYFtw==",
      "requires": {
        "@azure/abort-controller": "^1.0.0",
        "@azure/core-auth": "^1.3.0",
        "@azure/core-tracing": "1.0.0-preview.13",
        "@azure/core-util": "^1.1.1",
        "@azure/logger": "^1.0.0",
        "@types/node-fetch": "^2.5.0",
        "@types/tunnel": "^0.0.3",
        "form-data": "^4.0.0",
        "node-fetch": "^2.6.7",
        "process": "^0.11.10",
        "tslib": "^2.2.0",
        "tunnel": "^0.0.6",
        "uuid": "^8.3.0",
        "xml2js": "^0.5.0"
      },
      "dependencies": {
        "form-data": {
          "version": "4.0.0",
          "resolved": "https://registry.npmjs.org/form-data/-/form-data-4.0.0.tgz",
          "integrity": "sha512-ETEklSGi5t0QMZuiXoA/Q6vcnxcLQP5vdugSpuAyi6SVGi2clPPp+xgEhuMaHC+zGgn31Kd235W35f7Hykkaww==",
          "requires": {
            "asynckit": "^0.4.0",
            "combined-stream": "^1.0.8",
            "mime-types": "^2.1.12"
          }
        },
        "sax": {
          "version": "1.2.4",
          "resolved": "https://registry.npmjs.org/sax/-/sax-1.2.4.tgz",
          "integrity": "sha512-NqVDv9TpANUjFm0N8uM5GxL36UgKi9/atZw+x7YFnQ8ckwFGKrl4xX4yWtrey3UJm5nP1kUbnYgLopqWNSRhWw=="
        },
        "uuid": {
          "version": "8.3.2",
          "resolved": "https://registry.npmjs.org/uuid/-/uuid-8.3.2.tgz",
          "integrity": "sha512-+NYs2QeMWy+GWFOEm9xnn6HCDp0l7QBD7ml8zLUmJ+93Q5NF0NocErnwkTkXVFNiX3/fpC6afS8Dhb/gz7R7eg=="
        },
        "xml2js": {
          "version": "0.5.0",
          "resolved": "https://registry.npmjs.org/xml2js/-/xml2js-0.5.0.tgz",
          "integrity": "sha512-drPFnkQJik/O+uPKpqSgr22mpuFHqKdbS835iAQrUC73L2F5WkboIRd63ai/2Yg6I1jzifPFKH2NTK+cfglkIA==",
          "requires": {
            "sax": ">=0.6.0",
            "xmlbuilder": "~11.0.0"
          }
        },
        "xmlbuilder": {
          "version": "11.0.1",
          "resolved": "https://registry.npmjs.org/xmlbuilder/-/xmlbuilder-11.0.1.tgz",
          "integrity": "sha512-fDlsI/kFEx7gLvbecc0/ohLG50fugQp8ryHzMTuW9vSa1GJ0XYWKnhsUx7oie3G98+r56aTQIUB4kht42R3JvA=="
        }
      }
    },
    "@azure/core-lro": {
      "version": "2.5.2",
      "resolved": "https://registry.npmjs.org/@azure/core-lro/-/core-lro-2.5.2.tgz",
      "integrity": "sha512-tucUutPhBwCPu6v16KEFYML81npEL6gnT+iwewXvK5ZD55sr0/Vw2jfQETMiKVeARRrXHB2QQ3SpxxGi1zAUWg==",
      "requires": {
        "@azure/abort-controller": "^1.0.0",
        "@azure/core-util": "^1.2.0",
        "@azure/logger": "^1.0.0",
        "tslib": "^2.2.0"
      }
    },
    "@azure/core-paging": {
      "version": "1.5.0",
      "resolved": "https://registry.npmjs.org/@azure/core-paging/-/core-paging-1.5.0.tgz",
      "integrity": "sha512-zqWdVIt+2Z+3wqxEOGzR5hXFZ8MGKK52x4vFLw8n58pR6ZfKRx3EXYTxTaYxYHc/PexPUTyimcTWFJbji9Z6Iw==",
      "requires": {
        "tslib": "^2.2.0"
      }
    },
    "@azure/core-rest-pipeline": {
      "version": "1.10.3",
      "resolved": "https://registry.npmjs.org/@azure/core-rest-pipeline/-/core-rest-pipeline-1.10.3.tgz",
      "integrity": "sha512-AMQb0ttiGJ0MIV/r+4TVra6U4+90mPeOveehFnrqKlo7dknPJYdJ61wOzYJXJjDxF8LcCtSogfRelkq+fCGFTw==",
      "requires": {
        "@azure/abort-controller": "^1.0.0",
        "@azure/core-auth": "^1.4.0",
        "@azure/core-tracing": "^1.0.1",
        "@azure/core-util": "^1.3.0",
        "@azure/logger": "^1.0.0",
        "form-data": "^4.0.0",
        "http-proxy-agent": "^5.0.0",
        "https-proxy-agent": "^5.0.0",
        "tslib": "^2.2.0"
      },
      "dependencies": {
        "@azure/core-tracing": {
          "version": "1.0.1",
          "resolved": "https://registry.npmjs.org/@azure/core-tracing/-/core-tracing-1.0.1.tgz",
          "integrity": "sha512-I5CGMoLtX+pI17ZdiFJZgxMJApsK6jjfm85hpgp3oazCdq5Wxgh4wMr7ge/TTWW1B5WBuvIOI1fMU/FrOAMKrw==",
          "requires": {
            "tslib": "^2.2.0"
          }
        }
      }
    },
    "@azure/core-tracing": {
      "version": "1.0.0-preview.13",
      "resolved": "https://registry.npmjs.org/@azure/core-tracing/-/core-tracing-1.0.0-preview.13.tgz",
      "integrity": "sha512-KxDlhXyMlh2Jhj2ykX6vNEU0Vou4nHr025KoSEiz7cS3BNiHNaZcdECk/DmLkEB0as5T7b/TpRcehJ5yV6NeXQ==",
      "requires": {
        "@opentelemetry/api": "^1.0.1",
        "tslib": "^2.2.0"
      }
    },
    "@azure/core-util": {
      "version": "1.3.1",
      "resolved": "https://registry.npmjs.org/@azure/core-util/-/core-util-1.3.1.tgz",
      "integrity": "sha512-pjfOUAb+MPLODhGuXot/Hy8wUgPD0UTqYkY3BiYcwEETrLcUCVM1t0roIvlQMgvn1lc48TGy5bsonsFpF862Jw==",
      "requires": {
        "@azure/abort-controller": "^1.0.0",
        "tslib": "^2.2.0"
      }
    },
    "@azure/identity": {
      "version": "3.1.4",
      "resolved": "https://registry.npmjs.org/@azure/identity/-/identity-3.1.4.tgz",
      "integrity": "sha512-USvxmO6p7dFEcz1e0Kq/WQY6YbvX8hOeIibxxLBQC4Pxl4QK+DL72agZ9e5RYZc55QjC7Ja6q1+mQaXfmbrLhA==",
      "requires": {
        "@azure/abort-controller": "^1.0.0",
        "@azure/core-auth": "^1.3.0",
        "@azure/core-client": "^1.4.0",
        "@azure/core-rest-pipeline": "^1.1.0",
        "@azure/core-tracing": "^1.0.0",
        "@azure/core-util": "^1.0.0",
        "@azure/logger": "^1.0.0",
        "@azure/msal-browser": "^2.32.2",
        "@azure/msal-common": "^9.0.2",
        "@azure/msal-node": "^1.14.6",
        "events": "^3.0.0",
        "jws": "^4.0.0",
        "open": "^8.0.0",
        "stoppable": "^1.1.0",
        "tslib": "^2.2.0",
        "uuid": "^8.3.0"
      },
      "dependencies": {
        "@azure/core-tracing": {
          "version": "1.0.1",
          "resolved": "https://registry.npmjs.org/@azure/core-tracing/-/core-tracing-1.0.1.tgz",
          "integrity": "sha512-I5CGMoLtX+pI17ZdiFJZgxMJApsK6jjfm85hpgp3oazCdq5Wxgh4wMr7ge/TTWW1B5WBuvIOI1fMU/FrOAMKrw==",
          "requires": {
            "tslib": "^2.2.0"
          }
        },
        "jwa": {
          "version": "2.0.0",
          "resolved": "https://registry.npmjs.org/jwa/-/jwa-2.0.0.tgz",
          "integrity": "sha512-jrZ2Qx916EA+fq9cEAeCROWPTfCwi1IVHqT2tapuqLEVVDKFDENFw1oL+MwrTvH6msKxsd1YTDVw6uKEcsrLEA==",
          "requires": {
            "buffer-equal-constant-time": "1.0.1",
            "ecdsa-sig-formatter": "1.0.11",
            "safe-buffer": "^5.0.1"
          }
        },
        "jws": {
          "version": "4.0.0",
          "resolved": "https://registry.npmjs.org/jws/-/jws-4.0.0.tgz",
          "integrity": "sha512-KDncfTmOZoOMTFG4mBlG0qUIOlc03fmzH+ru6RgYVZhPkyiy/92Owlt/8UEN+a4TXR1FQetfIpJE8ApdvdVxTg==",
          "requires": {
            "jwa": "^2.0.0",
            "safe-buffer": "^5.0.1"
          }
        }
      }
    },
    "@azure/logger": {
      "version": "1.0.4",
      "resolved": "https://registry.npmjs.org/@azure/logger/-/logger-1.0.4.tgz",
      "integrity": "sha512-ustrPY8MryhloQj7OWGe+HrYx+aoiOxzbXTtgblbV3xwCqpzUK36phH3XNHQKj3EPonyFUuDTfR3qFhTEAuZEg==",
      "requires": {
        "tslib": "^2.2.0"
      }
    },
    "@azure/msal-browser": {
      "version": "2.37.0",
      "resolved": "https://registry.npmjs.org/@azure/msal-browser/-/msal-browser-2.37.0.tgz",
      "integrity": "sha512-YNGD/W/tw/5wDWlXOfmrVILaxVsorVLxYU2ovmL1PDvxkdudbQRyGk/76l4emqgDAl/kPQeqyivxjOU6w1YfvQ==",
      "requires": {
        "@azure/msal-common": "13.0.0"
      },
      "dependencies": {
        "@azure/msal-common": {
          "version": "13.0.0",
          "resolved": "https://registry.npmjs.org/@azure/msal-common/-/msal-common-13.0.0.tgz",
          "integrity": "sha512-GqCOg5H5bouvLij9NFXFkh+asRRxsPBRwnTDsfK7o0KcxYHJbuidKw8/VXpycahGXNxgtuhqtK/n5he+5NhyEA=="
        }
      }
    },
    "@azure/msal-common": {
      "version": "9.1.1",
      "resolved": "https://registry.npmjs.org/@azure/msal-common/-/msal-common-9.1.1.tgz",
      "integrity": "sha512-we9xR8lvu47fF0h+J8KyXoRy9+G/fPzm3QEa2TrdR3jaVS3LKAyE2qyMuUkNdbVkvzl8Zr9f7l+IUSP22HeqXw=="
    },
    "@azure/msal-node": {
      "version": "1.17.2",
      "resolved": "https://registry.npmjs.org/@azure/msal-node/-/msal-node-1.17.2.tgz",
      "integrity": "sha512-l8edYnA2LQj4ue3pjxVz1Qy4HuU5xbcoebfe2bGTRvBL9Q6n2Df47aGftkLIyimD1HxHuA4ZZOe23a/HshoYXw==",
      "requires": {
        "@azure/msal-common": "13.0.0",
        "jsonwebtoken": "^9.0.0",
        "uuid": "^8.3.0"
      },
      "dependencies": {
        "@azure/msal-common": {
          "version": "13.0.0",
          "resolved": "https://registry.npmjs.org/@azure/msal-common/-/msal-common-13.0.0.tgz",
          "integrity": "sha512-GqCOg5H5bouvLij9NFXFkh+asRRxsPBRwnTDsfK7o0KcxYHJbuidKw8/VXpycahGXNxgtuhqtK/n5he+5NhyEA=="
        }
      }
    },
    "@azure/storage-blob": {
      "version": "12.14.0",
      "resolved": "https://registry.npmjs.org/@azure/storage-blob/-/storage-blob-12.14.0.tgz",
      "integrity": "sha512-g8GNUDpMisGXzBeD+sKphhH5yLwesB4JkHr1U6be/X3F+cAMcyGLPD1P89g2M7wbEtUJWoikry1rlr83nNRBzg==",
      "requires": {
        "@azure/abort-controller": "^1.0.0",
        "@azure/core-http": "^3.0.0",
        "@azure/core-lro": "^2.2.0",
        "@azure/core-paging": "^1.1.1",
        "@azure/core-tracing": "1.0.0-preview.13",
        "@azure/logger": "^1.0.0",
        "events": "^3.0.0",
        "tslib": "^2.2.0"
      }
    },
    "@opentelemetry/api": {
      "version": "1.4.1",
      "resolved": "https://registry.npmjs.org/@opentelemetry/api/-/api-1.4.1.tgz",
      "integrity": "sha512-O2yRJce1GOc6PAy3QxFM4NzFiWzvScDC1/5ihYBL6BUEVdq0XMWN01sppE+H6bBXbaFYipjwFLEWLg5PaSOThA=="
    },
    "@tootallnate/once": {
      "version": "2.0.0",
      "resolved": "https://registry.npmjs.org/@tootallnate/once/-/once-2.0.0.tgz",
      "integrity": "sha512-XCuKFP5PS55gnMVu3dty8KPatLqUoy/ZYzDzAGCQ8JNFCkLXzmI7vNHCR+XpbZaMWQK/vQubr7PkYq8g470J/A=="
    },
    "@types/node": {
      "version": "18.16.2",
      "resolved": "https://registry.npmjs.org/@types/node/-/node-18.16.2.tgz",
      "integrity": "sha512-GQW/JL/5Fz/0I8RpeBG9lKp0+aNcXEaVL71c0D2Q0QHDTFvlYKT7an0onCUXj85anv7b4/WesqdfchLc0jtsCg=="
    },
    "@types/node-fetch": {
      "version": "2.6.3",
      "resolved": "https://registry.npmjs.org/@types/node-fetch/-/node-fetch-2.6.3.tgz",
      "integrity": "sha512-ETTL1mOEdq/sxUtgtOhKjyB2Irra4cjxksvcMUR5Zr4n+PxVhsCD9WS46oPbHL3et9Zde7CNRr+WUNlcHvsX+w==",
      "requires": {
        "@types/node": "*",
        "form-data": "^3.0.0"
      },
      "dependencies": {
        "form-data": {
          "version": "3.0.1",
          "resolved": "https://registry.npmjs.org/form-data/-/form-data-3.0.1.tgz",
          "integrity": "sha512-RHkBKtLWUVwd7SqRIvCZMEvAMoGUp0XU+seQiZejj0COz3RI3hWP4sCv3gZWWLjJTd7rGwcsF5eKZGii0r/hbg==",
          "requires": {
            "asynckit": "^0.4.0",
            "combined-stream": "^1.0.8",
            "mime-types": "^2.1.12"
          }
        }
      }
    },
    "@types/tunnel": {
      "version": "0.0.3",
      "resolved": "https://registry.npmjs.org/@types/tunnel/-/tunnel-0.0.3.tgz",
      "integrity": "sha512-sOUTGn6h1SfQ+gbgqC364jLFBw2lnFqkgF3q0WovEHRLMrVD1sd5aufqi/aJObLekJO+Aq5z646U4Oxy6shXMA==",
      "requires": {
        "@types/node": "*"
      }
    },
    "agent-base": {
      "version": "6.0.2",
      "resolved": "https://registry.npmjs.org/agent-base/-/agent-base-6.0.2.tgz",
      "integrity": "sha512-RZNwNclF7+MS/8bDg70amg32dyeZGZxiDuQmZxKLAlQjr3jGyLx+4Kkk58UO7D2QdgFIQCovuSuZESne6RG6XQ==",
      "requires": {
        "debug": "4"
      }
    },
    "ansi-regex": {
      "version": "5.0.1",
      "resolved": "https://registry.npmjs.org/ansi-regex/-/ansi-regex-5.0.1.tgz",
      "integrity": "sha512-quJQXlTSUGL2LH9SUXo8VwsY4soanhgo6LNSm84E1LBcE8s3O0wpdiRzyR9z/ZZJMlMWv37qOOb9pdJlMUEKFQ=="
    },
    "ansi-styles": {
      "version": "4.3.0",
      "resolved": "https://registry.npmjs.org/ansi-styles/-/ansi-styles-4.3.0.tgz",
      "integrity": "sha512-zbB9rCJAT1rbjiVDb2hqKFHNYLxgtk8NURxZ3IZwD3F6NtxbXZQCnnSi1Lkx+IDohdPlFp222wVALIheZJQSEg==",
      "requires": {
        "color-convert": "^2.0.1"
      }
    },
    "asynckit": {
      "version": "0.4.0",
      "resolved": "https://registry.npmjs.org/asynckit/-/asynckit-0.4.0.tgz",
      "integrity": "sha512-Oei9OH4tRh0YqU3GxhX79dM/mwVgvbZJaSNaRk+bshkj0S5cfHcgYakreBjrHwatXKbz+IoIdYLxrKim2MjW0Q=="
    },
    "axios": {
      "version": "1.4.0",
      "resolved": "https://registry.npmjs.org/axios/-/axios-1.4.0.tgz",
      "integrity": "sha512-S4XCWMEmzvo64T9GfvQDOXgYRDJ/wsSZc7Jvdgx5u1sd0JwsuPLqb3SYmusag+edF6ziyMensPVqLTSc1PiSEA==",
      "requires": {
        "follow-redirects": "^1.15.0",
        "form-data": "^4.0.0",
        "proxy-from-env": "^1.1.0"
      },
      "dependencies": {
        "form-data": {
          "version": "4.0.0",
          "resolved": "https://registry.npmjs.org/form-data/-/form-data-4.0.0.tgz",
          "integrity": "sha512-ETEklSGi5t0QMZuiXoA/Q6vcnxcLQP5vdugSpuAyi6SVGi2clPPp+xgEhuMaHC+zGgn31Kd235W35f7Hykkaww==",
          "requires": {
            "asynckit": "^0.4.0",
            "combined-stream": "^1.0.8",
            "mime-types": "^2.1.12"
          }
        }
      }
    },
    "buffer-equal-constant-time": {
      "version": "1.0.1",
      "resolved": "https://registry.npmjs.org/buffer-equal-constant-time/-/buffer-equal-constant-time-1.0.1.tgz",
      "integrity": "sha512-zRpUiDwd/xk6ADqPMATG8vc9VPrkck7T07OIx0gnjmJAnHnTVXNQG3vfvWNuiZIkwu9KrKdA1iJKfsfTVxE6NA=="
    },
    "cliui": {
      "version": "8.0.1",
      "resolved": "https://registry.npmjs.org/cliui/-/cliui-8.0.1.tgz",
      "integrity": "sha512-BSeNnyus75C4//NQ9gQt1/csTXyo/8Sb+afLAkzAptFuMsod9HFokGNudZpi/oQV73hnVK+sR+5PVRMd+Dr7YQ==",
      "requires": {
        "string-width": "^4.2.0",
        "strip-ansi": "^6.0.1",
        "wrap-ansi": "^7.0.0"
      }
    },
    "color-convert": {
      "version": "2.0.1",
      "resolved": "https://registry.npmjs.org/color-convert/-/color-convert-2.0.1.tgz",
      "integrity": "sha512-RRECPsj7iu/xb5oKYcsFHSppFNnsj/52OVTRKb4zP5onXwVF3zVmmToNcOfGC+CRDpfK/U584fMg38ZHCaElKQ==",
      "requires": {
        "color-name": "~1.1.4"
      }
    },
    "color-name": {
      "version": "1.1.4",
      "resolved": "https://registry.npmjs.org/color-name/-/color-name-1.1.4.tgz",
      "integrity": "sha512-dOy+3AuW3a2wNbZHIuMZpTcgjGuLU/uBL/ubcZF9OXbDo8ff4O8yVp5Bf0efS8uEoYo5q4Fx7dY9OgQGXgAsQA=="
    },
    "combined-stream": {
      "version": "1.0.8",
      "resolved": "https://registry.npmjs.org/combined-stream/-/combined-stream-1.0.8.tgz",
      "integrity": "sha512-FQN4MRfuJeHf7cBbBMJFXhKSDq+2kAArBlmRBvcvFE5BB1HZKXtSFASDhdlz9zOYwxh8lDdnvmMOe/+5cdoEdg==",
      "requires": {
        "delayed-stream": "~1.0.0"
      }
    },
    "debug": {
      "version": "4.3.4",
      "resolved": "https://registry.npmjs.org/debug/-/debug-4.3.4.tgz",
      "integrity": "sha512-PRWFHuSU3eDtQJPvnNY7Jcket1j0t5OuOsFzPPzsekD52Zl8qUfFIPEiswXqIvHWGVHOgX+7G/vCNNhehwxfkQ==",
      "requires": {
        "ms": "2.1.2"
      },
      "dependencies": {
        "ms": {
          "version": "2.1.2",
          "resolved": "https://registry.npmjs.org/ms/-/ms-2.1.2.tgz",
          "integrity": "sha512-sGkPx+VjMtmA6MX27oA4FBFELFCZZ4S4XqeGOXCv68tT+jb3vk/RyaKWP0PTKyWtmLSM0b+adUTEvbs1PEaH2w=="
        }
      }
    },
    "define-lazy-prop": {
      "version": "2.0.0",
      "resolved": "https://registry.npmjs.org/define-lazy-prop/-/define-lazy-prop-2.0.0.tgz",
      "integrity": "sha512-Ds09qNh8yw3khSjiJjiUInaGX9xlqZDY7JVryGxdxV7NPeuqQfplOpQ66yJFZut3jLa5zOwkXw1g9EI2uKh4Og=="
    },
    "delayed-stream": {
      "version": "1.0.0",
      "resolved": "https://registry.npmjs.org/delayed-stream/-/delayed-stream-1.0.0.tgz",
      "integrity": "sha512-ZySD7Nf91aLB0RxL4KGrKHBXl7Eds1DAmEdcoVawXnLD7SDhpNgtuII2aAkg7a7QS41jxPSZ17p4VdGnMHk3MQ=="
    },
    "ecdsa-sig-formatter": {
      "version": "1.0.11",
      "resolved": "https://registry.npmjs.org/ecdsa-sig-formatter/-/ecdsa-sig-formatter-1.0.11.tgz",
      "integrity": "sha512-nagl3RYrbNv6kQkeJIpt6NJZy8twLB/2vtz6yN9Z4vRKHN4/QZJIEbqohALSgwKdnksuY3k5Addp5lg8sVoVcQ==",
      "requires": {
        "safe-buffer": "^5.0.1"
      }
    },
    "emoji-regex": {
      "version": "8.0.0",
      "resolved": "https://registry.npmjs.org/emoji-regex/-/emoji-regex-8.0.0.tgz",
      "integrity": "sha512-MSjYzcWNOA0ewAHpz0MxpYFvwg6yjy1NG3xteoqz644VCo/RPgnr1/GGt+ic3iJTzQ8Eu3TdM14SawnVUmGE6A=="
    },
    "escalade": {
      "version": "3.1.1",
      "resolved": "https://registry.npmjs.org/escalade/-/escalade-3.1.1.tgz",
      "integrity": "sha512-k0er2gUkLf8O0zKJiAhmkTnJlTvINGv7ygDNPbeIsX/TJjGJZHuh9B2UxbsaEkmlEo9MfhrSzmhIlhRlI2GXnw=="
    },
    "events": {
      "version": "3.3.0",
      "resolved": "https://registry.npmjs.org/events/-/events-3.3.0.tgz",
      "integrity": "sha512-mQw+2fkQbALzQ7V0MY0IqdnXNOeTtP4r0lN9z7AAawCXgqea7bDii20AYrIBrFd/Hx0M2Ocz6S111CaFkUcb0Q=="
    },
    "follow-redirects": {
      "version": "1.15.2",
      "resolved": "https://registry.npmjs.org/follow-redirects/-/follow-redirects-1.15.2.tgz",
      "integrity": "sha512-VQLG33o04KaQ8uYi2tVNbdrWp1QWxNNea+nmIB4EVM28v0hmP17z7aG1+wAkNzVq4KeXTq3221ye5qTJP91JwA=="
    },
    "form-data": {
      "version": "4.0.0",
      "resolved": "https://registry.npmjs.org/form-data/-/form-data-4.0.0.tgz",
      "integrity": "sha512-ETEklSGi5t0QMZuiXoA/Q6vcnxcLQP5vdugSpuAyi6SVGi2clPPp+xgEhuMaHC+zGgn31Kd235W35f7Hykkaww==",
      "requires": {
        "asynckit": "^0.4.0",
        "combined-stream": "^1.0.8",
        "mime-types": "^2.1.12"
      }
    },
    "get-caller-file": {
      "version": "2.0.5",
      "resolved": "https://registry.npmjs.org/get-caller-file/-/get-caller-file-2.0.5.tgz",
      "integrity": "sha512-DyFP3BM/3YHTQOCUL/w0OZHR0lpKeGrxotcHWcqNEdnltqFwXVfhEBQ94eIo34AfQpo0rGki4cyIiftY06h2Fg=="
    },
    "http-proxy-agent": {
      "version": "5.0.0",
      "resolved": "https://registry.npmjs.org/http-proxy-agent/-/http-proxy-agent-5.0.0.tgz",
      "integrity": "sha512-n2hY8YdoRE1i7r6M0w9DIw5GgZN0G25P8zLCRQ8rjXtTU3vsNFBI/vWK/UIeE6g5MUUz6avwAPXmL6Fy9D/90w==",
      "requires": {
        "@tootallnate/once": "2",
        "agent-base": "6",
        "debug": "4"
      }
    },
    "https-proxy-agent": {
      "version": "5.0.1",
      "resolved": "https://registry.npmjs.org/https-proxy-agent/-/https-proxy-agent-5.0.1.tgz",
      "integrity": "sha512-dFcAjpTQFgoLMzC2VwU+C/CbS7uRL0lWmxDITmqm7C+7F0Odmj6s9l6alZc6AELXhrnggM2CeWSXHGOdX2YtwA==",
      "requires": {
        "agent-base": "6",
        "debug": "4"
      }
    },
    "is-docker": {
      "version": "2.2.1",
      "resolved": "https://registry.npmjs.org/is-docker/-/is-docker-2.2.1.tgz",
      "integrity": "sha512-F+i2BKsFrH66iaUFc0woD8sLy8getkwTwtOBjvs56Cx4CgJDeKQeqfz8wAYiSb8JOprWhHH5p77PbmYCvvUuXQ=="
    },
    "is-fullwidth-code-point": {
      "version": "3.0.0",
      "resolved": "https://registry.npmjs.org/is-fullwidth-code-point/-/is-fullwidth-code-point-3.0.0.tgz",
      "integrity": "sha512-zymm5+u+sCsSWyD9qNaejV3DFvhCKclKdizYaJUuHA83RLjb7nSuGnddCHGv0hk+KY7BMAlsWeK4Ueg6EV6XQg=="
    },
    "is-wsl": {
      "version": "2.2.0",
      "resolved": "https://registry.npmjs.org/is-wsl/-/is-wsl-2.2.0.tgz",
      "integrity": "sha512-fKzAra0rGJUUBwGBgNkHZuToZcn+TtXHpeCgmkMJMMYx1sQDYaCSyjJBSCa2nH1DGm7s3n1oBnohoVTBaN7Lww==",
      "requires": {
        "is-docker": "^2.0.0"
      }
    },
    "jsonwebtoken": {
      "version": "9.0.0",
      "resolved": "https://registry.npmjs.org/jsonwebtoken/-/jsonwebtoken-9.0.0.tgz",
      "integrity": "sha512-tuGfYXxkQGDPnLJ7SibiQgVgeDgfbPq2k2ICcbgqW8WxWLBAxKQM/ZCu/IT8SOSwmaYl4dpTFCW5xZv7YbbWUw==",
      "requires": {
        "jws": "^3.2.2",
        "lodash": "^4.17.21",
        "ms": "^2.1.1",
        "semver": "^7.3.8"
      }
    },
    "jwa": {
      "version": "1.4.1",
      "resolved": "https://registry.npmjs.org/jwa/-/jwa-1.4.1.tgz",
      "integrity": "sha512-qiLX/xhEEFKUAJ6FiBMbes3w9ATzyk5W7Hvzpa/SLYdxNtng+gcurvrI7TbACjIXlsJyr05/S1oUhZrc63evQA==",
      "requires": {
        "buffer-equal-constant-time": "1.0.1",
        "ecdsa-sig-formatter": "1.0.11",
        "safe-buffer": "^5.0.1"
      }
    },
    "jws": {
      "version": "3.2.2",
      "resolved": "https://registry.npmjs.org/jws/-/jws-3.2.2.tgz",
      "integrity": "sha512-YHlZCB6lMTllWDtSPHz/ZXTsi8S00usEV6v1tjq8tOUZzw7DpSDWVXjXDre6ed1w/pd495ODpHZYSdkRTsa0HA==",
      "requires": {
        "jwa": "^1.4.1",
        "safe-buffer": "^5.0.1"
      }
    },
    "lodash": {
      "version": "4.17.21",
      "resolved": "https://registry.npmjs.org/lodash/-/lodash-4.17.21.tgz",
      "integrity": "sha512-v2kDEe57lecTulaDIuNTPy3Ry4gLGJ6Z1O3vE1krgXZNrsQ+LFTGHVxVjcXPs17LhbZVGedAJv8XZ1tvj5FvSg=="
    },
    "lru-cache": {
      "version": "6.0.0",
      "resolved": "https://registry.npmjs.org/lru-cache/-/lru-cache-6.0.0.tgz",
      "integrity": "sha512-Jo6dJ04CmSjuznwJSS3pUeWmd/H0ffTlkXXgwZi+eq1UCmqQwCh+eLsYOYCwY991i2Fah4h1BEMCx4qThGbsiA==",
      "requires": {
        "yallist": "^4.0.0"
      }
    },
    "mime-db": {
      "version": "1.52.0",
      "resolved": "https://registry.npmjs.org/mime-db/-/mime-db-1.52.0.tgz",
      "integrity": "sha512-sPU4uV7dYlvtWJxwwxHD0PuihVNiE7TyAbQ5SWxDCB9mUYvOgroQOwYQQOKPJ8CIbE+1ETVlOoK1UC2nU3gYvg=="
    },
    "mime-types": {
      "version": "2.1.35",
      "resolved": "https://registry.npmjs.org/mime-types/-/mime-types-2.1.35.tgz",
      "integrity": "sha512-ZDY+bPm5zTTF+YpCrAU9nK0UgICYPT0QtT1NZWFv4s++TNkcgVaT0g6+4R2uI4MjQjzysHB1zxuWL50hzaeXiw==",
      "requires": {
        "mime-db": "1.52.0"
      }
    },
    "ms": {
      "version": "2.1.3",
      "resolved": "https://registry.npmjs.org/ms/-/ms-2.1.3.tgz",
      "integrity": "sha512-6FlzubTLZG3J2a/NVCAleEhjzq5oxgHyaCU9yYXvcLsvoVaHJq/s5xXI6/XXP6tz7R9xAOtHnSO/tXtF3WRTlA=="
    },
    "node-fetch": {
      "version": "2.6.9",
      "resolved": "https://registry.npmjs.org/node-fetch/-/node-fetch-2.6.9.tgz",
      "integrity": "sha512-DJm/CJkZkRjKKj4Zi4BsKVZh3ValV5IR5s7LVZnW+6YMh0W1BfNA8XSs6DLMGYlId5F3KnA70uu2qepcR08Qqg==",
      "requires": {
        "whatwg-url": "^5.0.0"
      }
    },
    "open": {
      "version": "8.4.2",
      "resolved": "https://registry.npmjs.org/open/-/open-8.4.2.tgz",
      "integrity": "sha512-7x81NCL719oNbsq/3mh+hVrAWmFuEYUqrq/Iw3kUzH8ReypT9QQ0BLoJS7/G9k6N81XjW4qHWtjWwe/9eLy1EQ==",
      "requires": {
        "define-lazy-prop": "^2.0.0",
        "is-docker": "^2.1.1",
        "is-wsl": "^2.2.0"
      }
    },
    "process": {
      "version": "0.11.10",
      "resolved": "https://registry.npmjs.org/process/-/process-0.11.10.tgz",
      "integrity": "sha512-cdGef/drWFoydD1JsMzuFf8100nZl+GT+yacc2bEced5f9Rjk4z+WtFUTBu9PhOi9j/jfmBPu0mMEY4wIdAF8A=="
    },
    "proxy-from-env": {
      "version": "1.1.0",
      "resolved": "https://registry.npmjs.org/proxy-from-env/-/proxy-from-env-1.1.0.tgz",
      "integrity": "sha512-D+zkORCbA9f1tdWRK0RaCR3GPv50cMxcrz4X8k5LTSUD1Dkw47mKJEZQNunItRTkWwgtaUSo1RVFRIG9ZXiFYg=="
    },
    "require-directory": {
      "version": "2.1.1",
      "resolved": "https://registry.npmjs.org/require-directory/-/require-directory-2.1.1.tgz",
      "integrity": "sha512-fGxEI7+wsG9xrvdjsrlmL22OMTTiHRwAMroiEeMgq8gzoLC/PQr7RsRDSTLUg/bZAZtF+TVIkHc6/4RIKrui+Q=="
    },
    "safe-buffer": {
      "version": "5.2.1",
      "resolved": "https://registry.npmjs.org/safe-buffer/-/safe-buffer-5.2.1.tgz",
      "integrity": "sha512-rp3So07KcdmmKbGvgaNxQSJr7bGVSVk5S9Eq1F+ppbRo70+YeaDxkw5Dd8NPN+GD6bjnYm2VuPuCXmpuYvmCXQ=="
    },
    "semver": {
      "version": "7.3.8",
      "resolved": "https://registry.npmjs.org/semver/-/semver-7.3.8.tgz",
      "integrity": "sha512-NB1ctGL5rlHrPJtFDVIVzTyQylMLu9N9VICA6HSFJo8MCGVTMW6gfpicwKmmK/dAjTOrqu5l63JJOpDSrAis3A==",
      "requires": {
        "lru-cache": "^6.0.0"
      }
    },
    "stoppable": {
      "version": "1.1.0",
      "resolved": "https://registry.npmjs.org/stoppable/-/stoppable-1.1.0.tgz",
      "integrity": "sha512-KXDYZ9dszj6bzvnEMRYvxgeTHU74QBFL54XKtP3nyMuJ81CFYtABZ3bAzL2EdFUaEwJOBOgENyFj3R7oTzDyyw=="
    },
    "string-width": {
      "version": "4.2.3",
      "resolved": "https://registry.npmjs.org/string-width/-/string-width-4.2.3.tgz",
      "integrity": "sha512-wKyQRQpjJ0sIp62ErSZdGsjMJWsap5oRNihHhu6G7JVO/9jIB6UyevL+tXuOqrng8j/cxKTWyWUwvSTriiZz/g==",
      "requires": {
        "emoji-regex": "^8.0.0",
        "is-fullwidth-code-point": "^3.0.0",
        "strip-ansi": "^6.0.1"
      }
    },
    "strip-ansi": {
      "version": "6.0.1",
      "resolved": "https://registry.npmjs.org/strip-ansi/-/strip-ansi-6.0.1.tgz",
      "integrity": "sha512-Y38VPSHcqkFrCpFnQ9vuSXmquuv5oXOKpGeT6aGrr3o3Gc9AlVa6JBfUSOCnbxGGZF+/0ooI7KrPuUSztUdU5A==",
      "requires": {
        "ansi-regex": "^5.0.1"
      }
    },
    "tr46": {
      "version": "0.0.3",
      "resolved": "https://registry.npmjs.org/tr46/-/tr46-0.0.3.tgz",
      "integrity": "sha512-N3WMsuqV66lT30CrXNbEjx4GEwlow3v6rr4mCcv6prnfwhS01rkgyFdjPNBYd9br7LpXV1+Emh01fHnq2Gdgrw=="
    },
    "tslib": {
      "version": "2.5.0",
      "resolved": "https://registry.npmjs.org/tslib/-/tslib-2.5.0.tgz",
      "integrity": "sha512-336iVw3rtn2BUK7ORdIAHTyxHGRIHVReokCR3XjbckJMK7ms8FysBfhLR8IXnAgy7T0PTPNBWKiH514FOW/WSg=="
    },
    "tunnel": {
      "version": "0.0.6",
      "resolved": "https://registry.npmjs.org/tunnel/-/tunnel-0.0.6.tgz",
      "integrity": "sha512-1h/Lnq9yajKY2PEbBadPXj3VxsDDu844OnaAo52UVmIzIvwwtBPIuNvkjuzBlTWpfJyUbG3ez0KSBibQkj4ojg=="
    },
    "uuid": {
      "version": "8.3.2",
      "resolved": "https://registry.npmjs.org/uuid/-/uuid-8.3.2.tgz",
      "integrity": "sha512-+NYs2QeMWy+GWFOEm9xnn6HCDp0l7QBD7ml8zLUmJ+93Q5NF0NocErnwkTkXVFNiX3/fpC6afS8Dhb/gz7R7eg=="
    },
    "webidl-conversions": {
      "version": "3.0.1",
      "resolved": "https://registry.npmjs.org/webidl-conversions/-/webidl-conversions-3.0.1.tgz",
      "integrity": "sha512-2JAn3z8AR6rjK8Sm8orRC0h/bcl/DqL7tRPdGZ4I1CjdF+EaMLmYxBHyXuKL849eucPFhvBoxMsflfOb8kxaeQ=="
    },
    "whatwg-url": {
      "version": "5.0.0",
      "resolved": "https://registry.npmjs.org/whatwg-url/-/whatwg-url-5.0.0.tgz",
      "integrity": "sha512-saE57nupxk6v3HY35+jzBwYa0rKSy0XR8JSxZPwgLr7ys0IBzhGviA1/TUGJLmSVqs8pb9AnvICXEuOHLprYTw==",
      "requires": {
        "tr46": "~0.0.3",
        "webidl-conversions": "^3.0.0"
      }
    },
    "wrap-ansi": {
      "version": "7.0.0",
      "resolved": "https://registry.npmjs.org/wrap-ansi/-/wrap-ansi-7.0.0.tgz",
      "integrity": "sha512-YVGIj2kamLSTxw6NsZjoBxfSwsn0ycdesmc4p+Q21c5zPuZ1pl+NfxVdxPtdHvmNVOQ6XSYG4AUtyt/Fi7D16Q==",
      "requires": {
        "ansi-styles": "^4.0.0",
        "string-width": "^4.1.0",
        "strip-ansi": "^6.0.0"
      }
    },
    "y18n": {
      "version": "5.0.8",
      "resolved": "https://registry.npmjs.org/y18n/-/y18n-5.0.8.tgz",
      "integrity": "sha512-0pfFzegeDWJHJIAmTLRP2DwHjdF5s7jo9tuztdQxAhINCdvS+3nGINqPd00AphqJR/0LhANUS6/+7SCb98YOfA=="
    },
    "yallist": {
      "version": "4.0.0",
      "resolved": "https://registry.npmjs.org/yallist/-/yallist-4.0.0.tgz",
      "integrity": "sha512-3wdGidZyq5PB084XLES5TpOSRA3wjXAlIWMhum2kRcv/41Sn2emQ0dycQW4uZXLejwKvg6EsvbdlVL+FYEct7A=="
    },
    "yargs": {
      "version": "17.7.2",
      "resolved": "https://registry.npmjs.org/yargs/-/yargs-17.7.2.tgz",
      "integrity": "sha512-7dSzzRQ++CKnNI/krKnYRV7JKKPUXMEh61soaHKg9mrWEhzFWhFnxPxGl+69cD1Ou63C13NUPCnmIcrvqCuM6w==",
      "requires": {
        "cliui": "^8.0.1",
        "escalade": "^3.1.1",
        "get-caller-file": "^2.0.5",
        "require-directory": "^2.1.1",
        "string-width": "^4.2.3",
        "y18n": "^5.0.5",
        "yargs-parser": "^21.1.1"
      }
    },
    "yargs-parser": {
      "version": "21.1.1",
      "resolved": "https://registry.npmjs.org/yargs-parser/-/yargs-parser-21.1.1.tgz",
      "integrity": "sha512-tVpsJW7DdjecAiFpbIB1e3qxIQsE6NoPc5/eTdrbbIC4h0LVsWhnoa3g+m2HclBIujHzsxZ4VJVA+GUuc2/LBw=="
    }
  }
}
